
Microsoft Visual Studio Solution File, Format Version 12.00
# Visual Studio 2013
VisualStudioVersion = 12.0.30501.0
MinimumVisualStudioVersion = 10.0.40219.1
Project("{FAE04EC0-301F-11D3-BF4B-00C04F79EFBC}") = "ShanghaiFilmCenters.WP8", "ShanghaiFilmCenters.WP8\ShanghaiFilmCenters.WP8.csproj", "{F9E44292-F020-41AE-8AA4-B6C646C57853}"
EndProject
Project("{FAE04EC0-301F-11D3-BF4B-00C04F79EFBC}") = "ShanghaiFilmCenters.Core", "ShanghaiFilmCenters.Core\ShanghaiFilmCenters.Core.csproj", "{D92B9207-424F-4459-91C0-037CA52178D6}"
EndProject
Project("{FAE04EC0-301F-11D3-BF4B-00C04F79EFBC}") = "ShanghaiFilmCenters.Service", "ShanghaiFilmCenters.Service\ShanghaiFilmCenters.Service.csproj", "{D6D4F361-0894-440C-9699-FA39AFDC7B19}"
EndProject
Project("{2150E333-8FDC-42A3-9474-1A3956D46DE8}") = "Client", "Client", "{ECBAD96D-9CDA-49D1-A359-40B587A32FE8}"
EndProject
Project("{2150E333-8FDC-42A3-9474-1A3956D46DE8}") = "Server", "Server", "{68C6D9EC-4728-49E3-B945-A6597E94474A}"
EndProject
Project("{2150E333-8FDC-42A3-9474-1A3956D46DE8}") = ".nuget", ".nuget", "{365291FC-3ED9-4173-93E9-727A5960EE92}"
	ProjectSection(SolutionItems) = preProject
		.nuget\NuGet.Config = .nuget\NuGet.Config
		.nuget\NuGet.exe = .nuget\NuGet.exe
		.nuget\NuGet.targets = .nuget\NuGet.targets
	EndProjectSection
EndProject
Project("{FAE04EC0-301F-11D3-BF4B-00C04F79EFBC}") = "RateMyApp", "RateMyApp\RateMyApp.csproj", "{83C47431-2793-48E3-A2FB-CC6702523314}"
EndProject
Global
	GlobalSection(SolutionConfigurationPlatforms) = preSolution
		Debug|Any CPU = Debug|Any CPU
		Debug|ARM = Debug|ARM
		Debug|x86 = Debug|x86
		Release|Any CPU = Release|Any CPU
		Release|ARM = Release|ARM
		Release|x86 = Release|x86
	EndGlobalSection
	GlobalSection(ProjectConfigurationPlatforms) = postSolution
		{F9E44292-F020-41AE-8AA4-B6C646C57853}.Debug|Any CPU.ActiveCfg = Debug|Any CPU
		{F9E44292-F020-41AE-8AA4-B6C646C57853}.Debug|Any CPU.Build.0 = Debug|Any CPU
		{F9E44292-F020-41AE-8AA4-B6C646C57853}.Debug|Any CPU.Deploy.0 = Debug|Any CPU
		{F9E44292-F020-41AE-8AA4-B6C646C57853}.Debug|ARM.ActiveCfg = Debug|ARM
		{F9E44292-F020-41AE-8AA4-B6C646C57853}.Debug|ARM.Build.0 = Debug|ARM
		{F9E44292-F020-41AE-8AA4-B6C646C57853}.Debug|ARM.Deploy.0 = Debug|ARM
		{F9E44292-F020-41AE-8AA4-B6C646C57853}.Debug|x86.ActiveCfg = Debug|x86
		{F9E44292-F020-41AE-8AA4-B6C646C57853}.Debug|x86.Build.0 = Debug|x86
		{F9E44292-F020-41AE-8AA4-B6C646C57853}.Debug|x86.Deploy.0 = Debug|x86
		{F9E44292-F020-41AE-8AA4-B6C646C57853}.Release|Any CPU.ActiveCfg = Release|Any CPU
		{F9E44292-F020-41AE-8AA4-B6C646C57853}.Release|Any CPU.Build.0 = Release|Any CPU
		{F9E44292-F020-41AE-8AA4-B6C646C57853}.Release|Any CPU.Deploy.0 = Release|Any CPU
		{F9E44292-F020-41AE-8AA4-B6C646C57853}.Release|ARM.ActiveCfg = Release|ARM
		{F9E44292-F020-41AE-8AA4-B6C646C57853}.Release|ARM.Build.0 = Release|ARM
		{F9E44292-F020-41AE-8AA4-B6C646C57853}.Release|ARM.Deploy.0 = Release|ARM
		{F9E44292-F020-41AE-8AA4-B6C646C57853}.Release|x86.ActiveCfg = Release|x86
		{F9E44292-F020-41AE-8AA4-B6C646C57853}.Release|x86.Build.0 = Release|x86
		{F9E44292-F020-41AE-8AA4-B6C646C57853}.Release|x86.Deploy.0 = Release|x86
		{D92B9207-424F-4459-91C0-037CA52178D6}.Debug|Any CPU.ActiveCfg = Debug|Any CPU
		{D92B9207-424F-4459-91C0-037CA52178D6}.Debug|Any CPU.Build.0 = Debug|Any CPU
		{D92B9207-424F-4459-91C0-037CA52178D6}.Debug|ARM.ActiveCfg = Debug|ARM
		{D92B9207-424F-4459-91C0-037CA52178D6}.Debug|ARM.Build.0 = Debug|ARM
		{D92B9207-424F-4459-91C0-037CA52178D6}.Debug|x86.ActiveCfg = Debug|x86
		{D92B9207-424F-4459-91C0-037CA52178D6}.Debug|x86.Build.0 = Debug|x86
		{D92B9207-424F-4459-91C0-037CA52178D6}.Release|Any CPU.ActiveCfg = Release|Any CPU
		{D92B9207-424F-4459-91C0-037CA52178D6}.Release|Any CPU.Build.0 = Release|Any CPU
		{D92B9207-424F-4459-91C0-037CA52178D6}.Release|ARM.ActiveCfg = Release|ARM
		{D92B9207-424F-4459-91C0-037CA52178D6}.Release|ARM.Build.0 = Release|ARM
		{D92B9207-424F-4459-91C0-037CA52178D6}.Release|x86.ActiveCfg = Release|x86
		{D92B9207-424F-4459-91C0-037CA52178D6}.Release|x86.Build.0 = Release|x86
		{D6D4F361-0894-440C-9699-FA39AFDC7B19}.Debug|Any CPU.ActiveCfg = Debug|Any CPU
		{D6D4F361-0894-440C-9699-FA39AFDC7B19}.Debug|Any CPU.Build.0 = Debug|Any CPU
		{D6D4F361-0894-440C-9699-FA39AFDC7B19}.Debug|ARM.ActiveCfg = Debug|Any CPU
		{D6D4F361-0894-440C-9699-FA39AFDC7B19}.Debug|x86.ActiveCfg = Debug|Any CPU
		{D6D4F361-0894-440C-9699-FA39AFDC7B19}.Release|Any CPU.ActiveCfg = Release|Any CPU
		{D6D4F361-0894-440C-9699-FA39AFDC7B19}.Release|Any CPU.Build.0 = Release|Any CPU
		{D6D4F361-0894-440C-9699-FA39AFDC7B19}.Release|ARM.ActiveCfg = Release|Any CPU
		{D6D4F361-0894-440C-9699-FA39AFDC7B19}.Release|x86.ActiveCfg = Release|Any CPU
		{83C47431-2793-48E3-A2FB-CC6702523314}.Debug|Any CPU.ActiveCfg = Debug|Any CPU
		{83C47431-2793-48E3-A2FB-CC6702523314}.Debug|Any CPU.Build.0 = Debug|Any CPU
		{83C47431-2793-48E3-A2FB-CC6702523314}.Debug|ARM.ActiveCfg = Debug|ARM
		{83C47431-2793-48E3-A2FB-CC6702523314}.Debug|ARM.Build.0 = Debug|ARM
		{83C47431-2793-48E3-A2FB-CC6702523314}.Debug|x86.ActiveCfg = Debug|x86
		{83C47431-2793-48E3-A2FB-CC6702523314}.Debug|x86.Build.0 = Debug|x86
		{83C47431-2793-48E3-A2FB-CC6702523314}.Release|Any CPU.ActiveCfg = Release|Any CPU
		{83C47431-2793-48E3-A2FB-CC6702523314}.Release|Any CPU.Build.0 = Release|Any CPU
		{83C47431-2793-48E3-A2FB-CC6702523314}.Release|ARM.ActiveCfg = Release|ARM
		{83C47431-2793-48E3-A2FB-CC6702523314}.Release|ARM.Build.0 = Release|ARM
		{83C47431-2793-48E3-A2FB-CC6702523314}.Release|x86.ActiveCfg = Release|x86
		{83C47431-2793-48E3-A2FB-CC6702523314}.Release|x86.Build.0 = Release|x86
	EndGlobalSection
	GlobalSection(SolutionProperties) = preSolution
		HideSolutionNode = FALSE
	EndGlobalSection
	GlobalSection(NestedProjects) = preSolution
		{F9E44292-F020-41AE-8AA4-B6C646C57853} = {ECBAD96D-9CDA-49D1-A359-40B587A32FE8}
		{D92B9207-424F-4459-91C0-037CA52178D6} = {ECBAD96D-9CDA-49D1-A359-40B587A32FE8}
		{D6D4F361-0894-440C-9699-FA39AFDC7B19} = {68C6D9EC-4728-49E3-B945-A6597E94474A}
		{83C47431-2793-48E3-A2FB-CC6702523314} = {ECBAD96D-9CDA-49D1-A359-40B587A32FE8}
	EndGlobalSection
EndGlobal
